
Microsoft Visual Studio Solution File, Format Version 12.00
# Visual Studio Version 16
VisualStudioVersion = 16.0.31025.194
MinimumVisualStudioVersion = 10.0.40219.1
Project("{FAE04EC0-301F-11D3-BF4B-00C04F79EFBC}") = "QLNet", "QLNet\QLNet.csproj", "{3486F6FB-E2B8-4AB6-8DC1-4535B17F7651}"
EndProject
Global
	GlobalSection(SolutionConfigurationPlatforms) = preSolution
		Debug|Any CPU = Debug|Any CPU
		Release|Any CPU = Release|Any CPU
	EndGlobalSection
	GlobalSection(ProjectConfigurationPlatforms) = postSolution
		{3486F6FB-E2B8-4AB6-8DC1-4535B17F7651}.Debug|Any CPU.ActiveCfg = Debug|Any CPU
		{3486F6FB-E2B8-4AB6-8DC1-4535B17F7651}.Debug|Any CPU.Build.0 = Debug|Any CPU
		{3486F6FB-E2B8-4AB6-8DC1-4535B17F7651}.Release|Any CPU.ActiveCfg = Release|Any CPU
		{3486F6FB-E2B8-4AB6-8DC1-4535B17F7651}.Release|Any CPU.Build.0 = Release|Any CPU
	EndGlobalSection
	GlobalSection(SolutionProperties) = preSolution
		HideSolutionNode = FALSE
	EndGlobalSection
	GlobalSection(ExtensibilityGlobals) = postSolution
		SolutionGuid = {9638A524-91AA-449E-88AC-2F3887D0032B}
	EndGlobalSection
EndGlobal
